version = 1
revision = 3
requires-python = "==3.12.*"

[[package]]
name = "app"
version = "0.1.0"
source = { virtual = "." }
dependencies = [
    { name = "schliff" },
]

[package.metadata]
requires-dist = [{ name = "schliff", specifier = "==8.6.2" }]

[[package]]
name = "schliff"
version = "8.6.2"
source = { registry = "https://pypi.org/simple" }
sdist = { url = "https://files.pythonhosted.org/packages/66/08/13e82540798ee877cd38849d8c1ec1c4116192dafb595a76ccabf15ce25d/schliff-8.6.2.tar.gz", hash = "sha256:f4035e0d0359c3d866d6fc7e5f4ff6e824eb431bd20d83502ab0e80978d6ab1f", size = 251921, upload-time = "2026-07-21T13:59:29.061Z" }
wheels = [
    { url = "https://files.pythonhosted.org/packages/38/16/abd4a8cdcdc306da275652fb216a1c8757cf1e731d9c621e7f8ab2fc592e/schliff-8.6.2-py3-none-any.whl", hash = "sha256:bf9348481c855dbb73da9417d9cb30dfc5e3fce610a7d357622fe024fa7bc757", size = 289602, upload-time = "2026-07-21T13:59:27.668Z" },
]
