version = 1
revision = 3
requires-python = "==3.12.*"

[[package]]
name = "app"
version = "0.1.0"
source = { virtual = "." }
dependencies = [
    { name = "schliff" },
]

[package.metadata]
requires-dist = [{ name = "schliff", specifier = "==8.6.0" }]

[[package]]
name = "schliff"
version = "8.6.0"
source = { registry = "https://pypi.org/simple" }
sdist = { url = "https://files.pythonhosted.org/packages/5d/0e/e6d595a9b90f65c36d5c923d7e394dc78bbb3e9c397f69a80b916d9c79a1/schliff-8.6.0.tar.gz", hash = "sha256:9442288ca0f1f0b69ea3f147ae4d256e4c9e6e7971024ed3e55bfa5f726483a1", size = 247321, upload-time = "2026-07-20T08:51:02.03Z" }
wheels = [
    { url = "https://files.pythonhosted.org/packages/5d/0b/fa6027c6b4df38e9ff49cfdf161a2a0d7032ca7ae860de6d338e01548a73/schliff-8.6.0-py3-none-any.whl", hash = "sha256:8b33efa9715875940a8efc48f7b771665b9708d9a19465026ce9f5a4e054574c", size = 285089, upload-time = "2026-07-20T08:51:00.611Z" },
]
